Microsoft Visual Studio Solution File, Format Version 12.00
# Visual Studio 14
VisualStudioVersion = 14.0.23107.0
MinimumVisualStudioVersion = 10.0.40219.1
Project("{FAE04EC0-301F-11D3-BF4B-00C04F79EFBC}") = "lab2", "lab2\lab2.csproj", "{D1AF9483-0CE4-4D73-A43D-2E324AA33F28}"
EndProject
Project("{888888A0-9F3D-457C-B088-3A5042F75D52}") = "lab3", "lab3\lab3.pyproj", "{AF85E537-2030-487B-B9A9-1EBC27B2FD45}"
EndProject
Project("{FAE04EC0-301F-11D3-BF4B-00C04F79EFBC}") = "lab5", "lab5\lab5.csproj", "{E5D5351E-6E2D-4529-986A-8A71FFDDDF4D}"
EndProject
Global
	GlobalSection(SolutionConfigurationPlatforms) = preSolution
		Debug|Any CPU = Debug|Any CPU
		Release|Any CPU = Release|Any CPU
	EndGlobalSection
	GlobalSection(ProjectConfigurationPlatforms) = postSolution
		{D1AF9483-0CE4-4D73-A43D-2E324AA33F28}.Debug|Any CPU.ActiveCfg = Debug|Any CPU
		{D1AF9483-0CE4-4D73-A43D-2E324AA33F28}.Debug|Any CPU.Build.0 = Debug|Any CPU
		{D1AF9483-0CE4-4D73-A43D-2E324AA33F28}.Release|Any CPU.ActiveCfg = Release|Any CPU
		{D1AF9483-0CE4-4D73-A43D-2E324AA33F28}.Release|Any CPU.Build.0 = Release|Any CPU
		{AF85E537-2030-487B-B9A9-1EBC27B2FD45}.Debug|Any CPU.ActiveCfg = Debug|Any CPU
		{AF85E537-2030-487B-B9A9-1EBC27B2FD45}.Release|Any CPU.ActiveCfg = Release|Any CPU
		{E5D5351E-6E2D-4529-986A-8A71FFDDDF4D}.Debug|Any CPU.ActiveCfg = Debug|Any CPU
		{E5D5351E-6E2D-4529-986A-8A71FFDDDF4D}.Debug|Any CPU.Build.0 = Debug|Any CPU
		{E5D5351E-6E2D-4529-986A-8A71FFDDDF4D}.Release|Any CPU.ActiveCfg = Release|Any CPU
		{E5D5351E-6E2D-4529-986A-8A71FFDDDF4D}.Release|Any CPU.Build.0 = Release|Any CPU
	EndGlobalSection
	GlobalSection(SolutionProperties) = preSolution
		HideSolutionNode = FALSE
	EndGlobalSection
EndGlobal
